
Microsoft Visual Studio Solution File, Format Version 12.00
# Visual Studio Version 17
VisualStudioVersion = 17.11.35327.3
MinimumVisualStudioVersion = 10.0.40219.1
Project("{FAE04EC0-301F-11D3-BF4B-00C04F79EFBC}") = "ProductApi", "ProductApi\ProductApi.csproj", "{DCF6ADAD-92B1-42F5-894F-837556D0E66C}"
EndProject
Project("{FAE04EC0-301F-11D3-BF4B-00C04F79EFBC}") = "ProductApi.Tests", "ProductApi.Tests\ProductApi.Tests.csproj", "{7E44A4C2-0125-46B7-A135-835AC8E1607C}"
EndProject
Global
	GlobalSection(SolutionConfigurationPlatforms) = preSolution
		Debug|Any CPU = Debug|Any CPU
		Release|Any CPU = Release|Any CPU
	EndGlobalSection
	GlobalSection(ProjectConfigurationPlatforms) = postSolution
		{DCF6ADAD-92B1-42F5-894F-837556D0E66C}.Debug|Any CPU.ActiveCfg = Debug|Any CPU
		{DCF6ADAD-92B1-42F5-894F-837556D0E66C}.Debug|Any CPU.Build.0 = Debug|Any CPU
		{DCF6ADAD-92B1-42F5-894F-837556D0E66C}.Release|Any CPU.ActiveCfg = Release|Any CPU
		{DCF6ADAD-92B1-42F5-894F-837556D0E66C}.Release|Any CPU.Build.0 = Release|Any CPU
		{7E44A4C2-0125-46B7-A135-835AC8E1607C}.Debug|Any CPU.ActiveCfg = Debug|Any CPU
		{7E44A4C2-0125-46B7-A135-835AC8E1607C}.Debug|Any CPU.Build.0 = Debug|Any CPU
		{7E44A4C2-0125-46B7-A135-835AC8E1607C}.Release|Any CPU.ActiveCfg = Release|Any CPU
		{7E44A4C2-0125-46B7-A135-835AC8E1607C}.Release|Any CPU.Build.0 = Release|Any CPU
	EndGlobalSection
	GlobalSection(SolutionProperties) = preSolution
		HideSolutionNode = FALSE
	EndGlobalSection
	GlobalSection(ExtensibilityGlobals) = postSolution
		SolutionGuid = {227DD7E5-DA3F-4F5F-BE36-B0BCEE09D255}
	EndGlobalSection
EndGlobal
